// !$*UTF8*$!
{
	archiveVersion = 1;
	classes = {};
	objectVersion = 77;
	objects = {

/* Begin PBXFileReference section */
		A10000000000000000000001 /* HermesStudio.app */ = {isa = PBXFileReference; explicitFileType = wrapper.application; includeInIndex = 0; path = HermesStudio.app; sourceTree = BUILT_PRODUCTS_DIR; };
		A10000000000000000000002 /* HermesStudioTests.xctest */ = {isa = PBXFileReference; explicitFileType = wrapper.cfbundle; includeInIndex = 0; path = HermesStudioTests.xctest; sourceTree = BUILT_PRODUCTS_DIR; };
/* End PBXFileReference section */

/* Begin PBXFileSystemSynchronizedBuildFileExceptionSet section */
		A10000000000000000000005 /* Exceptions for HermesStudio folder in HermesStudio target */ = {
			isa = PBXFileSystemSynchronizedBuildFileExceptionSet;
			membershipExceptions = (
				Info.plist,
			);
			target = A10000000000000000000030 /* HermesStudio */;
		};
/* End PBXFileSystemSynchronizedBuildFileExceptionSet section */

/* Begin PBXFileSystemSynchronizedRootGroup section */
		A10000000000000000000003 /* HermesStudio */ = {isa = PBXFileSystemSynchronizedRootGroup; exceptions = (A10000000000000000000005); path = HermesStudio; sourceTree = "<group>"; };
		A10000000000000000000004 /* HermesStudioTests */ = {isa = PBXFileSystemSynchronizedRootGroup; path = HermesStudioTests; sourceTree = "<group>"; };
/* End PBXFileSystemSynchronizedRootGroup section */

/* Begin PBXFrameworksBuildPhase section */
		A10000000000000000000010 = {isa = PBXFrameworksBuildPhase; buildActionMask = 2147483647; files = (); runOnlyForDeploymentPostprocessing = 0; };
		A10000000000000000000011 = {isa = PBXFrameworksBuildPhase; buildActionMask = 2147483647; files = (); runOnlyForDeploymentPostprocessing = 0; };
/* End PBXFrameworksBuildPhase section */

/* Begin PBXGroup section */
		A10000000000000000000020 = {
			isa = PBXGroup;
			children = (
				A10000000000000000000003 /* HermesStudio */,
				A10000000000000000000004 /* HermesStudioTests */,
				A10000000000000000000021 /* Products */,
			);
			sourceTree = "<group>";
		};
		A10000000000000000000021 /* Products */ = {
			isa = PBXGroup;
			children = (
				A10000000000000000000001 /* HermesStudio.app */,
				A10000000000000000000002 /* HermesStudioTests.xctest */,
			);
			name = Products;
			sourceTree = "<group>";
		};
/* End PBXGroup section */

/* Begin PBXNativeTarget section */
		A10000000000000000000030 /* HermesStudio */ = {
			isa = PBXNativeTarget;
			buildConfigurationList = A10000000000000000000040;
			buildPhases = (A10000000000000000000050, A10000000000000000000010, A10000000000000000000051);
			buildRules = ();
			dependencies = ();
			fileSystemSynchronizedGroups = (A10000000000000000000003);
			name = HermesStudio;
			packageProductDependencies = ();
			productName = HermesStudio;
			productReference = A10000000000000000000001;
			productType = "com.apple.product-type.application";
		};
		A10000000000000000000031 /* HermesStudioTests */ = {
			isa = PBXNativeTarget;
			buildConfigurationList = A10000000000000000000041;
			buildPhases = (A10000000000000000000052, A10000000000000000000011, A10000000000000000000053);
			buildRules = ();
			dependencies = (A10000000000000000000060);
			fileSystemSynchronizedGroups = (A10000000000000000000004);
			name = HermesStudioTests;
			packageProductDependencies = ();
			productName = HermesStudioTests;
			productReference = A10000000000000000000002;
			productType = "com.apple.product-type.bundle.unit-test";
		};
/* End PBXNativeTarget section */

/* Begin PBXProject section */
		A10000000000000000000070 /* Project object */ = {
			isa = PBXProject;
			attributes = {
				BuildIndependentTargetsInParallel = 1;
				LastSwiftUpdateCheck = 1620;
				LastUpgradeCheck = 1620;
				TargetAttributes = {
					A10000000000000000000030 = {CreatedOnToolsVersion = 16.2; };
					A10000000000000000000031 = {CreatedOnToolsVersion = 16.2; TestTargetID = A10000000000000000000030; };
				};
			};
			buildConfigurationList = A10000000000000000000042;
			compatibilityVersion = "Xcode 16.0";
			developmentRegion = en;
			hasScannedForEncodings = 0;
			knownRegions = (en, Base, ar);
			mainGroup = A10000000000000000000020;
			preferredProjectObjectVersion = 77;
			productRefGroup = A10000000000000000000021;
			projectDirPath = "";
			projectRoot = "";
			targets = (A10000000000000000000030, A10000000000000000000031);
		};
/* End PBXProject section */

/* Begin PBXResourcesBuildPhase section */
		A10000000000000000000051 = {isa = PBXResourcesBuildPhase; buildActionMask = 2147483647; files = (); runOnlyForDeploymentPostprocessing = 0; };
		A10000000000000000000053 = {isa = PBXResourcesBuildPhase; buildActionMask = 2147483647; files = (); runOnlyForDeploymentPostprocessing = 0; };
/* End PBXResourcesBuildPhase section */

/* Begin PBXSourcesBuildPhase section */
		A10000000000000000000050 = {isa = PBXSourcesBuildPhase; buildActionMask = 2147483647; files = (); runOnlyForDeploymentPostprocessing = 0; };
		A10000000000000000000052 = {isa = PBXSourcesBuildPhase; buildActionMask = 2147483647; files = (); runOnlyForDeploymentPostprocessing = 0; };
/* End PBXSourcesBuildPhase section */

/* Begin PBXTargetDependency section */
		A10000000000000000000060 = {isa = PBXTargetDependency; target = A10000000000000000000030; targetProxy = A10000000000000000000061; };
/* End PBXTargetDependency section */

/* Begin PBXContainerItemProxy section */
		A10000000000000000000061 = {isa = PBXContainerItemProxy; containerPortal = A10000000000000000000070; proxyType = 1; remoteGlobalIDString = A10000000000000000000030; remoteInfo = HermesStudio; };
/* End PBXContainerItemProxy section */

/* Begin XCBuildConfiguration section */
		A10000000000000000000080 = {isa = XCBuildConfiguration; buildSettings = {ALWAYS_SEARCH_USER_PATHS = NO; CLANG_ENABLE_MODULES = YES; CLANG_ENABLE_OBJC_ARC = YES; CLANG_WARN_QUOTED_INCLUDE_IN_FRAMEWORK_HEADER = YES; DEBUG_INFORMATION_FORMAT = dwarf; ENABLE_TESTABILITY = YES; GCC_C_LANGUAGE_STANDARD = gnu17; IPHONEOS_DEPLOYMENT_TARGET = 17.0; SDKROOT = iphoneos; SWIFT_ACTIVE_COMPILATION_CONDITIONS = DEBUG; SWIFT_OPTIMIZATION_LEVEL = "-Onone"; }; name = Debug; };
		A10000000000000000000081 = {isa = XCBuildConfiguration; buildSettings = {ALWAYS_SEARCH_USER_PATHS = NO; CLANG_ENABLE_MODULES = YES; CLANG_ENABLE_OBJC_ARC = YES; CLANG_WARN_QUOTED_INCLUDE_IN_FRAMEWORK_HEADER = YES; DEBUG_INFORMATION_FORMAT = "dwarf-with-dsym"; GCC_C_LANGUAGE_STANDARD = gnu17; IPHONEOS_DEPLOYMENT_TARGET = 17.0; SDKROOT = iphoneos; SWIFT_COMPILATION_MODE = wholemodule; SWIFT_OPTIMIZATION_LEVEL = "-O"; VALIDATE_PRODUCT = YES; }; name = Release; };
		A10000000000000000000082 = {isa = XCBuildConfiguration; buildSettings = {CODE_SIGN_STYLE = Automatic; CURRENT_PROJECT_VERSION = 10; DEVELOPMENT_ASSET_PATHS = ""; DEVELOPMENT_TEAM = ""; ENABLE_PREVIEWS = YES; GENERATE_INFOPLIST_FILE = NO; INFOPLIST_FILE = HermesStudio/Info.plist; MARKETING_VERSION = 1.2.0; PRODUCT_BUNDLE_IDENTIFIER = us.i3u.hermesstudio.ios; PRODUCT_NAME = "$(TARGET_NAME)"; SWIFT_EMIT_LOC_STRINGS = YES; SWIFT_VERSION = 5.0; TARGETED_DEVICE_FAMILY = "1,2"; }; name = Debug; };
		A10000000000000000000083 = {isa = XCBuildConfiguration; buildSettings = {CODE_SIGN_STYLE = Automatic; CURRENT_PROJECT_VERSION = 10; DEVELOPMENT_TEAM = ""; ENABLE_PREVIEWS = YES; GENERATE_INFOPLIST_FILE = NO; INFOPLIST_FILE = HermesStudio/Info.plist; MARKETING_VERSION = 1.2.0; PRODUCT_BUNDLE_IDENTIFIER = us.i3u.hermesstudio.ios; PRODUCT_NAME = "$(TARGET_NAME)"; SWIFT_EMIT_LOC_STRINGS = YES; SWIFT_VERSION = 5.0; TARGETED_DEVICE_FAMILY = "1,2"; }; name = Release; };
		A10000000000000000000084 = {isa = XCBuildConfiguration; buildSettings = {BUNDLE_LOADER = "$(TEST_HOST)"; CODE_SIGN_STYLE = Automatic; GENERATE_INFOPLIST_FILE = YES; IPHONEOS_DEPLOYMENT_TARGET = 17.0; PRODUCT_BUNDLE_IDENTIFIER = us.i3u.hermesstudio.ios.tests; PRODUCT_NAME = "$(TARGET_NAME)"; SWIFT_VERSION = 5.0; TARGETED_DEVICE_FAMILY = "1,2"; TEST_HOST = "$(BUILT_PRODUCTS_DIR)/HermesStudio.app/$(BUNDLE_EXECUTABLE_FOLDER_PATH)/HermesStudio"; }; name = Debug; };
		A10000000000000000000085 = {isa = XCBuildConfiguration; buildSettings = {BUNDLE_LOADER = "$(TEST_HOST)"; CODE_SIGN_STYLE = Automatic; GENERATE_INFOPLIST_FILE = YES; IPHONEOS_DEPLOYMENT_TARGET = 17.0; PRODUCT_BUNDLE_IDENTIFIER = us.i3u.hermesstudio.ios.tests; PRODUCT_NAME = "$(TARGET_NAME)"; SWIFT_VERSION = 5.0; TARGETED_DEVICE_FAMILY = "1,2"; TEST_HOST = "$(BUILT_PRODUCTS_DIR)/HermesStudio.app/$(BUNDLE_EXECUTABLE_FOLDER_PATH)/HermesStudio"; }; name = Release; };
/* End XCBuildConfiguration section */

/* Begin XCConfigurationList section */
		A10000000000000000000040 = {isa = XCConfigurationList; buildConfigurations = (A10000000000000000000082, A10000000000000000000083); defaultConfigurationIsVisible = 0; defaultConfigurationName = Release; };
		A10000000000000000000041 = {isa = XCConfigurationList; buildConfigurations = (A10000000000000000000084, A10000000000000000000085); defaultConfigurationIsVisible = 0; defaultConfigurationName = Release; };
		A10000000000000000000042 = {isa = XCConfigurationList; buildConfigurations = (A10000000000000000000080, A10000000000000000000081); defaultConfigurationIsVisible = 0; defaultConfigurationName = Release; };
/* End XCConfigurationList section */
	};
	rootObject = A10000000000000000000070 /* Project object */;
}
